
Microsoft Visual Studio Solution File, Format Version 12.00
# Visual Studio Version 17
VisualStudioVersion = 17.1.32319.34
MinimumVisualStudioVersion = 10.0.40219.1
Project("{FAE04EC0-301F-11D3-BF4B-00C04F79EFBC}") = "AdminLTE", "AdminLTE\AdminLTE.csproj", "{5DB4F530-3EEE-4014-89F5-591D3F554F74}"
EndProject
Global
	GlobalSection(SolutionConfigurationPlatforms) = preSolution
		Debug|Any CPU = Debug|Any CPU
		Release|Any CPU = Release|Any CPU
	EndGlobalSection
	GlobalSection(ProjectConfigurationPlatforms) = postSolution
		{5DB4F530-3EEE-4014-89F5-591D3F554F74}.Debug|Any CPU.ActiveCfg = Debug|Any CPU
		{5DB4F530-3EEE-4014-89F5-591D3F554F74}.Debug|Any CPU.Build.0 = Debug|Any CPU
		{5DB4F530-3EEE-4014-89F5-591D3F554F74}.Release|Any CPU.ActiveCfg = Release|Any CPU
		{5DB4F530-3EEE-4014-89F5-591D3F554F74}.Release|Any CPU.Build.0 = Release|Any CPU
	EndGlobalSection
	GlobalSection(SolutionProperties) = preSolution
		HideSolutionNode = FALSE
	EndGlobalSection
	GlobalSection(ExtensibilityGlobals) = postSolution
		SolutionGuid = {0CC3CA27-B030-4EEA-B3EB-DEEA2AC33B16}
	EndGlobalSection
EndGlobal
